// !$*UTF8*$!
{
	archiveVersion = 1;
	classes = {
	};
	objectVersion = 51;
	objects = {

/* Begin PBXBuildFile section */
		18DDC2942566DD3100B3A6BB /* CountryViewModal.swift in Sources */ = {isa = PBXBuildFile; fileRef = 18DDC2932566DD3100B3A6BB /* CountryViewModal.swift */; };
		18E6A8AE255A98AF0085D270 /* Assets.xcassets in Resources */ = {isa = PBXBuildFile; fileRef = 18E6A8AD255A98AF0085D270 /* Assets.xcassets */; };
		18E6A8B1255A98AF0085D270 /* LaunchScreen.storyboard in Resources */ = {isa = PBXBuildFile; fileRef = 18E6A8AF255A98AF0085D270 /* LaunchScreen.storyboard */; };
		18E6A8BC255A98AF0085D270 /* Bhumesh_Purohit_TestTests.swift in Sources */ = {isa = PBXBuildFile; fileRef = 18E6A8BB255A98AF0085D270 /* Bhumesh_Purohit_TestTests.swift */; };
		18E6A8C7255A98AF0085D270 /* Bhumesh_Purohit_TestUITests.swift in Sources */ = {isa = PBXBuildFile; fileRef = 18E6A8C6255A98AF0085D270 /* Bhumesh_Purohit_TestUITests.swift */; };
		18E6A8E8255A994B0085D270 /* Constants.swift in Sources */ = {isa = PBXBuildFile; fileRef = 18E6A8D6255A994B0085D270 /* Constants.swift */; };
		18E6A8E9255A994B0085D270 /* DataManager.swift in Sources */ = {isa = PBXBuildFile; fileRef = 18E6A8D9255A994B0085D270 /* DataManager.swift */; };
		18E6A8EA255A994B0085D270 /* RequestManger.swift in Sources */ = {isa = PBXBuildFile; fileRef = 18E6A8DA255A994B0085D270 /* RequestManger.swift */; };
		18E6A8ED255A994B0085D270 /* ConfigurationManager.swift in Sources */ = {isa = PBXBuildFile; fileRef = 18E6A8DE255A994B0085D270 /* ConfigurationManager.swift */; };
		18E6A8EE255A994B0085D270 /* Environments.plist in Resources */ = {isa = PBXBuildFile; fileRef = 18E6A8DF255A994B0085D270 /* Environments.plist */; };
		18E6A8F0255A994B0085D270 /* AboutCountry.swift in Sources */ = {isa = PBXBuildFile; fileRef = 18E6A8E2255A994B0085D270 /* AboutCountry.swift */; };
		18E6A8F1255A994B0085D270 /* AppDelegate+Reachability.swift in Sources */ = {isa = PBXBuildFile; fileRef = 18E6A8E3255A994B0085D270 /* AppDelegate+Reachability.swift */; };
		18E6A8F2255A994B0085D270 /* AppDelegate.swift in Sources */ = {isa = PBXBuildFile; fileRef = 18E6A8E4255A994B0085D270 /* AppDelegate.swift */; };
		18E6A8F3255A994B0085D270 /* AboutCountry+Webservices.swift in Sources */ = {isa = PBXBuildFile; fileRef = 18E6A8E5255A994B0085D270 /* AboutCountry+Webservices.swift */; };
		18E6A8F4255A994B0085D270 /* SceneDelegate.swift in Sources */ = {isa = PBXBuildFile; fileRef = 18E6A8E6255A994B0085D270 /* SceneDelegate.swift */; };
		18E6A8F6255A9AFE0085D270 /* AboutCountryData.swift in Sources */ = {isa = PBXBuildFile; fileRef = 18E6A8F5255A9AFE0085D270 /* AboutCountryData.swift */; };
		67FDD08D37AD63975D857CB2 /* Pods_Bhumesh_Purohit_Test.framework in Frameworks */ = {isa = PBXBuildFile; fileRef = 63520DFE8023CEABD406C3F9 /* Pods_Bhumesh_Purohit_Test.framework */; };
/* End PBXBuildFile section */

/* Begin PBXContainerItemProxy section */
		18E6A8B8255A98AF0085D270 /* PBXContainerItemProxy */ = {
			isa = PBXContainerItemProxy;
			containerPortal = 18E6A899255A98AD0085D270 /* Project object */;
			proxyType = 1;
			remoteGlobalIDString = 18E6A8A0255A98AD0085D270;
			remoteInfo = Bhumesh_Purohit_Test;
		};
		18E6A8C3255A98AF0085D270 /* PBXContainerItemProxy */ = {
			isa = PBXContainerItemProxy;
			containerPortal = 18E6A899255A98AD0085D270 /* Project object */;
			proxyType = 1;
			remoteGlobalIDString = 18E6A8A0255A98AD0085D270;
			remoteInfo = Bhumesh_Purohit_Test;
		};
/* End PBXContainerItemProxy section */

/* Begin PBXFileReference section */
		18DDC2932566DD3100B3A6BB /* CountryViewModal.swift */ = {isa = PBXFileReference; lastKnownFileType = sourcecode.swift; path = CountryViewModal.swift; sourceTree = "<group>"; };
		18E6A8A1255A98AD0085D270 /* Bhumesh_Purohit_Test.app */ = {isa = PBXFileReference; explicitFileType = wrapper.application; includeInIndex = 0; path = Bhumesh_Purohit_Test.app; sourceTree = BUILT_PRODUCTS_DIR; };
		18E6A8AD255A98AF0085D270 /* Assets.xcassets */ = {isa = PBXFileReference; lastKnownFileType = folder.assetcatalog; path = Assets.xcassets; sourceTree = "<group>"; };
		18E6A8B0255A98AF0085D270 /* Base */ = {isa = PBXFileReference; lastKnownFileType = file.storyboard; name = Base; path = Base.lproj/LaunchScreen.storyboard; sourceTree = "<group>"; };
		18E6A8B2255A98AF0085D270 /* Info.plist */ = {isa = PBXFileReference; lastKnownFileType = text.plist.xml; path = Info.plist; sourceTree = "<group>"; };
		18E6A8B7255A98AF0085D270 /* Bhumesh_Purohit_TestTests.xctest */ = {isa = PBXFileReference; explicitFileType = wrapper.cfbundle; includeInIndex = 0; path = Bhumesh_Purohit_TestTests.xctest; sourceTree = BUILT_PRODUCTS_DIR; };
		18E6A8BB255A98AF0085D270 /* Bhumesh_Purohit_TestTests.swift */ = {isa = PBXFileReference; lastKnownFileType = sourcecode.swift; path = Bhumesh_Purohit_TestTests.swift; sourceTree = "<group>"; };
		18E6A8BD255A98AF0085D270 /* Info.plist */ = {isa = PBXFileReference; lastKnownFileType = text.plist.xml; path = Info.plist; sourceTree = "<group>"; };
		18E6A8C2255A98AF0085D270 /* Bhumesh_Purohit_TestUITests.xctest */ = {isa = PBXFileReference; explicitFileType = wrapper.cfbundle; includeInIndex = 0; path = Bhumesh_Purohit_TestUITests.xctest; sourceTree = BUILT_PRODUCTS_DIR; };
		18E6A8C6255A98AF0085D270 /* Bhumesh_Purohit_TestUITests.swift */ = {isa = PBXFileReference; lastKnownFileType = sourcecode.swift; path = Bhumesh_Purohit_TestUITests.swift; sourceTree = "<group>"; };
		18E6A8C8255A98AF0085D270 /* Info.plist */ = {isa = PBXFileReference; lastKnownFileType = text.plist.xml; path = Info.plist; sourceTree = "<group>"; };
		18E6A8D6255A994B0085D270 /* Constants.swift */ = {isa = PBXFileReference; fileEncoding = 4; lastKnownFileType = sourcecode.swift; path = Constants.swift; sourceTree = "<group>"; };
		18E6A8D9255A994B0085D270 /* DataManager.swift */ = {isa = PBXFileReference; fileEncoding = 4; lastKnownFileType = sourcecode.swift; path = DataManager.swift; sourceTree = "<group>"; };
		18E6A8DA255A994B0085D270 /* RequestManger.swift */ = {isa = PBXFileReference; fileEncoding = 4; lastKnownFileType = sourcecode.swift; path = RequestManger.swift; sourceTree = "<group>"; };
		18E6A8DE255A994B0085D270 /* ConfigurationManager.swift */ = {isa = PBXFileReference; fileEncoding = 4; lastKnownFileType = sourcecode.swift; path = ConfigurationManager.swift; sourceTree = "<group>"; };
		18E6A8DF255A994B0085D270 /* Environments.plist */ = {isa = PBXFileReference; fileEncoding = 4; lastKnownFileType = text.plist.xml; path = Environments.plist; sourceTree = "<group>"; };
		18E6A8E2255A994B0085D270 /* AboutCountry.swift */ = {isa = PBXFileReference; fileEncoding = 4; lastKnownFileType = sourcecode.swift; path = AboutCountry.swift; sourceTree = "<group>"; };
		18E6A8E3255A994B0085D270 /* AppDelegate+Reachability.swift */ = {isa = PBXFileReference; fileEncoding = 4; lastKnownFileType = sourcecode.swift; path = "AppDelegate+Reachability.swift"; sourceTree = "<group>"; };
		18E6A8E4255A994B0085D270 /* AppDelegate.swift */ = {isa = PBXFileReference; fileEncoding = 4; lastKnownFileType = sourcecode.swift; path = AppDelegate.swift; sourceTree = "<group>"; };
		18E6A8E5255A994B0085D270 /* AboutCountry+Webservices.swift */ = {isa = PBXFileReference; fileEncoding = 4; lastKnownFileType = sourcecode.swift; path = "AboutCountry+Webservices.swift"; sourceTree = "<group>"; };
		18E6A8E6255A994B0085D270 /* SceneDelegate.swift */ = {isa = PBXFileReference; fileEncoding = 4; lastKnownFileType = sourcecode.swift; path = SceneDelegate.swift; sourceTree = "<group>"; };
		18E6A8F5255A9AFE0085D270 /* AboutCountryData.swift */ = {isa = PBXFileReference; lastKnownFileType = sourcecode.swift; path = AboutCountryData.swift; sourceTree = "<group>"; };
		63520DFE8023CEABD406C3F9 /* Pods_Bhumesh_Purohit_Test.framework */ = {isa = PBXFileReference; explicitFileType = wrapper.framework; includeInIndex = 0; path = Pods_Bhumesh_Purohit_Test.framework; sourceTree = BUILT_PRODUCTS_DIR; };
		96F4395298BF8BF6D96DC2E7 /* Pods-Bhumesh_Purohit_Test.debug.xcconfig */ = {isa = PBXFileReference; includeInIndex = 1; lastKnownFileType = text.xcconfig; name = "Pods-Bhumesh_Purohit_Test.debug.xcconfig"; path = "Target Support Files/Pods-Bhumesh_Purohit_Test/Pods-Bhumesh_Purohit_Test.debug.xcconfig"; sourceTree = "<group>"; };
		EE536FD5B6C85D72B1ACB196 /* Pods-Bhumesh_Purohit_Test.release.xcconfig */ = {isa = PBXFileReference; includeInIndex = 1; lastKnownFileType = text.xcconfig; name = "Pods-Bhumesh_Purohit_Test.release.xcconfig"; path = "Target Support Files/Pods-Bhumesh_Purohit_Test/Pods-Bhumesh_Purohit_Test.release.xcconfig"; sourceTree = "<group>"; };
/* End PBXFileReference section */

/* Begin PBXFrameworksBuildPhase section */
		18E6A89E255A98AD0085D270 /* Frameworks */ = {
			isa = PBXFrameworksBuildPhase;
			buildActionMask = 2147483647;
			files = (
				67FDD08D37AD63975D857CB2 /* Pods_Bhumesh_Purohit_Test.framework in Frameworks */,
			);
			runOnlyForDeploymentPostprocessing = 0;
		};
		18E6A8B4255A98AF0085D270 /* Frameworks */ = {
			isa = PBXFrameworksBuildPhase;
			buildActionMask = 2147483647;
			files = (
			);
			runOnlyForDeploymentPostprocessing = 0;
		};
		18E6A8BF255A98AF0085D270 /* Frameworks */ = {
			isa = PBXFrameworksBuildPhase;
			buildActionMask = 2147483647;
			files = (
			);
			runOnlyForDeploymentPostprocessing = 0;
		};
/* End PBXFrameworksBuildPhase section */

/* Begin PBXGroup section */
		18DDC28E256646AE00B3A6BB /* View */ = {
			isa = PBXGroup;
			children = (
				18E6A8AF255A98AF0085D270 /* LaunchScreen.storyboard */,
			);
			path = View;
			sourceTree = "<group>";
		};
		18DDC28F256646C900B3A6BB /* AppDelegate */ = {
			isa = PBXGroup;
			children = (
				18E6A8E3255A994B0085D270 /* AppDelegate+Reachability.swift */,
				18E6A8E4255A994B0085D270 /* AppDelegate.swift */,
			);
			path = AppDelegate;
			sourceTree = "<group>";
		};
		18DDC290256646E900B3A6BB /* SceneDelegate */ = {
			isa = PBXGroup;
			children = (
				18E6A8E6255A994B0085D270 /* SceneDelegate.swift */,
			);
			path = SceneDelegate;
			sourceTree = "<group>";
		};
		18DDC291256646FC00B3A6BB /* Assets */ = {
			isa = PBXGroup;
			children = (
				18E6A8AD255A98AF0085D270 /* Assets.xcassets */,
			);
			path = Assets;
			sourceTree = "<group>";
		};
		18DDC2922566DD0A00B3A6BB /* ViewModal */ = {
			isa = PBXGroup;
			children = (
				18DDC2932566DD3100B3A6BB /* CountryViewModal.swift */,
			);
			path = ViewModal;
			sourceTree = "<group>";
		};
		18E6A898255A98AD0085D270 = {
			isa = PBXGroup;
			children = (
				18E6A8A3255A98AD0085D270 /* Bhumesh_Purohit_Test */,
				18E6A8BA255A98AF0085D270 /* Bhumesh_Purohit_TestTests */,
				18E6A8C5255A98AF0085D270 /* Bhumesh_Purohit_TestUITests */,
				18E6A8A2255A98AD0085D270 /* Products */,
				868B3612FD74429E95C55536 /* Pods */,
				BC91E6F1020BD0557EA878A1 /* Frameworks */,
			);
			sourceTree = "<group>";
		};
		18E6A8A2255A98AD0085D270 /* Products */ = {
			isa = PBXGroup;
			children = (
				18E6A8A1255A98AD0085D270 /* Bhumesh_Purohit_Test.app */,
				18E6A8B7255A98AF0085D270 /* Bhumesh_Purohit_TestTests.xctest */,
				18E6A8C2255A98AF0085D270 /* Bhumesh_Purohit_TestUITests.xctest */,
			);
			name = Products;
			sourceTree = "<group>";
		};
		18E6A8A3255A98AD0085D270 /* Bhumesh_Purohit_Test */ = {
			isa = PBXGroup;
			children = (
				18DDC2922566DD0A00B3A6BB /* ViewModal */,
				18DDC291256646FC00B3A6BB /* Assets */,
				18DDC290256646E900B3A6BB /* SceneDelegate */,
				18DDC28F256646C900B3A6BB /* AppDelegate */,
				18E6A8D5255A994B0085D270 /* Constant */,
				18E6A8D7255A994B0085D270 /* DataManagerClass */,
				18E6A8D4255A994B0085D270 /* Modal */,
				18DDC28E256646AE00B3A6BB /* View */,
				18E6A8E1255A994B0085D270 /* Viewcontrollers */,
				18E6A8B2255A98AF0085D270 /* Info.plist */,
			);
			path = Bhumesh_Purohit_Test;
			sourceTree = "<group>";
		};
		18E6A8BA255A98AF0085D270 /* Bhumesh_Purohit_TestTests */ = {
			isa = PBXGroup;
			children = (
				18E6A8BB255A98AF0085D270 /* Bhumesh_Purohit_TestTests.swift */,
				18E6A8BD255A98AF0085D270 /* Info.plist */,
			);
			path = Bhumesh_Purohit_TestTests;
			sourceTree = "<group>";
		};
		18E6A8C5255A98AF0085D270 /* Bhumesh_Purohit_TestUITests */ = {
			isa = PBXGroup;
			children = (
				18E6A8C6255A98AF0085D270 /* Bhumesh_Purohit_TestUITests.swift */,
				18E6A8C8255A98AF0085D270 /* Info.plist */,
			);
			path = Bhumesh_Purohit_TestUITests;
			sourceTree = "<group>";
		};
		18E6A8D4255A994B0085D270 /* Modal */ = {
			isa = PBXGroup;
			children = (
				18E6A8F5255A9AFE0085D270 /* AboutCountryData.swift */,
			);
			path = Modal;
			sourceTree = "<group>";
		};
		18E6A8D5255A994B0085D270 /* Constant */ = {
			isa = PBXGroup;
			children = (
				18E6A8D6255A994B0085D270 /* Constants.swift */,
			);
			path = Constant;
			sourceTree = "<group>";
		};
		18E6A8D7255A994B0085D270 /* DataManagerClass */ = {
			isa = PBXGroup;
			children = (
				18E6A8D8255A994B0085D270 /* DataManager */,
				18E6A8DC255A994B0085D270 /* ConfigurationManager */,
			);
			path = DataManagerClass;
			sourceTree = "<group>";
		};
		18E6A8D8255A994B0085D270 /* DataManager */ = {
			isa = PBXGroup;
			children = (
				18E6A8D9255A994B0085D270 /* DataManager.swift */,
				18E6A8DA255A994B0085D270 /* RequestManger.swift */,
			);
			path = DataManager;
			sourceTree = "<group>";
		};
		18E6A8DC255A994B0085D270 /* ConfigurationManager */ = {
			isa = PBXGroup;
			children = (
				18E6A8DE255A994B0085D270 /* ConfigurationManager.swift */,
				18E6A8DF255A994B0085D270 /* Environments.plist */,
			);
			path = ConfigurationManager;
			sourceTree = "<group>";
		};
		18E6A8E1255A994B0085D270 /* Viewcontrollers */ = {
			isa = PBXGroup;
			children = (
				18E6A8E2255A994B0085D270 /* AboutCountry.swift */,
				18E6A8E5255A994B0085D270 /* AboutCountry+Webservices.swift */,
			);
			path = Viewcontrollers;
			sourceTree = "<group>";
		};
		868B3612FD74429E95C55536 /* Pods */ = {
			isa = PBXGroup;
			children = (
				96F4395298BF8BF6D96DC2E7 /* Pods-Bhumesh_Purohit_Test.debug.xcconfig */,
				EE536FD5B6C85D72B1ACB196 /* Pods-Bhumesh_Purohit_Test.release.xcconfig */,
			);
			path = Pods;
			sourceTree = "<group>";
		};
		BC91E6F1020BD0557EA878A1 /* Frameworks */ = {
			isa = PBXGroup;
			children = (
				63520DFE8023CEABD406C3F9 /* Pods_Bhumesh_Purohit_Test.framework */,
			);
			name = Frameworks;
			sourceTree = "<group>";
		};
/* End PBXGroup section */

/* Begin PBXNativeTarget section */
		18E6A8A0255A98AD0085D270 /* Bhumesh_Purohit_Test */ = {
			isa = PBXNativeTarget;
			buildConfigurationList = 18E6A8CB255A98AF0085D270 /* Build configuration list for PBXNativeTarget "Bhumesh_Purohit_Test" */;
			buildPhases = (
				3C059B05B6A6BB452C524E33 /* [CP] Check Pods Manifest.lock */,
				18E6A89D255A98AD0085D270 /* Sources */,
				18E6A89E255A98AD0085D270 /* Frameworks */,
				18E6A89F255A98AD0085D270 /* Resources */,
				9E7FF14E1FB8CBA0FA4E1984 /* [CP] Embed Pods Frameworks */,
			);
			buildRules = (
			);
			dependencies = (
			);
			name = Bhumesh_Purohit_Test;
			productName = Bhumesh_Purohit_Test;
			productReference = 18E6A8A1255A98AD0085D270 /* Bhumesh_Purohit_Test.app */;
			productType = "com.apple.product-type.application";
		};
		18E6A8B6255A98AF0085D270 /* Bhumesh_Purohit_TestTests */ = {
			isa = PBXNativeTarget;
			buildConfigurationList = 18E6A8CE255A98AF0085D270 /* Build configuration list for PBXNativeTarget "Bhumesh_Purohit_TestTests" */;
			buildPhases = (
				18E6A8B3255A98AF0085D270 /* Sources */,
				18E6A8B4255A98AF0085D270 /* Frameworks */,
				18E6A8B5255A98AF0085D270 /* Resources */,
			);
			buildRules = (
			);
			dependencies = (
				18E6A8B9255A98AF0085D270 /* PBXTargetDependency */,
			);
			name = Bhumesh_Purohit_TestTests;
			productName = Bhumesh_Purohit_TestTests;
			productReference = 18E6A8B7255A98AF0085D270 /* Bhumesh_Purohit_TestTests.xctest */;
			productType = "com.apple.product-type.bundle.unit-test";
		};
		18E6A8C1255A98AF0085D270 /* Bhumesh_Purohit_TestUITests */ = {
			isa = PBXNativeTarget;
			buildConfigurationList = 18E6A8D1255A98AF0085D270 /* Build configuration list for PBXNativeTarget "Bhumesh_Purohit_TestUITests" */;
			buildPhases = (
				18E6A8BE255A98AF0085D270 /* Sources */,
				18E6A8BF255A98AF0085D270 /* Frameworks */,
				18E6A8C0255A98AF0085D270 /* Resources */,
			);
			buildRules = (
			);
			dependencies = (
				18E6A8C4255A98AF0085D270 /* PBXTargetDependency */,
			);
			name = Bhumesh_Purohit_TestUITests;
			productName = Bhumesh_Purohit_TestUITests;
			productReference = 18E6A8C2255A98AF0085D270 /* Bhumesh_Purohit_TestUITests.xctest */;
			productType = "com.apple.product-type.bundle.ui-testing";
		};
/* End PBXNativeTarget section */

/* Begin PBXProject section */
		18E6A899255A98AD0085D270 /* Project object */ = {
			isa = PBXProject;
			attributes = {
				LastSwiftUpdateCheck = 1130;
				LastUpgradeCheck = 1130;
				ORGANIZATIONNAME = Bhumesh;
				TargetAttributes = {
					18E6A8A0255A98AD0085D270 = {
						CreatedOnToolsVersion = 11.3.1;
					};
					18E6A8B6255A98AF0085D270 = {
						CreatedOnToolsVersion = 11.3.1;
						TestTargetID = 18E6A8A0255A98AD0085D270;
					};
					18E6A8C1255A98AF0085D270 = {
						CreatedOnToolsVersion = 11.3.1;
						TestTargetID = 18E6A8A0255A98AD0085D270;
					};
				};
			};
			buildConfigurationList = 18E6A89C255A98AD0085D270 /* Build configuration list for PBXProject "Bhumesh_Purohit_Test" */;
			compatibilityVersion = "Xcode 9.3";
			developmentRegion = en;
			hasScannedForEncodings = 0;
			knownRegions = (
				en,
				Base,
			);
			mainGroup = 18E6A898255A98AD0085D270;
			productRefGroup = 18E6A8A2255A98AD0085D270 /* Products */;
			projectDirPath = "";
			projectRoot = "";
			targets = (
				18E6A8A0255A98AD0085D270 /* Bhumesh_Purohit_Test */,
				18E6A8B6255A98AF0085D270 /* Bhumesh_Purohit_TestTests */,
				18E6A8C1255A98AF0085D270 /* Bhumesh_Purohit_TestUITests */,
			);
		};
/* End PBXProject section */

/* Begin PBXResourcesBuildPhase section */
		18E6A89F255A98AD0085D270 /* Resources */ = {
			isa = PBXResourcesBuildPhase;
			buildActionMask = 2147483647;
			files = (
				18E6A8EE255A994B0085D270 /* Environments.plist in Resources */,
				18E6A8B1255A98AF0085D270 /* LaunchScreen.storyboard in Resources */,
				18E6A8AE255A98AF0085D270 /* Assets.xcassets in Resources */,
			);
			runOnlyForDeploymentPostprocessing = 0;
		};
		18E6A8B5255A98AF0085D270 /* Resources */ = {
			isa = PBXResourcesBuildPhase;
			buildActionMask = 2147483647;
			files = (
			);
			runOnlyForDeploymentPostprocessing = 0;
		};
		18E6A8C0255A98AF0085D270 /* Resources */ = {
			isa = PBXResourcesBuildPhase;
			buildActionMask = 2147483647;
			files = (
			);
			runOnlyForDeploymentPostprocessing = 0;
		};
/* End PBXResourcesBuildPhase section */

/* Begin PBXShellScriptBuildPhase section */
		3C059B05B6A6BB452C524E33 /* [CP] Check Pods Manifest.lock */ = {
			isa = PBXShellScriptBuildPhase;
			buildActionMask = 2147483647;
			files = (
			);
			inputFileListPaths = (
			);
			inputPaths = (
				"${PODS_PODFILE_DIR_PATH}/Podfile.lock",
				"${PODS_ROOT}/Manifest.lock",
			);
			name = "[CP] Check Pods Manifest.lock";
			outputFileListPaths = (
			);
			outputPaths = (
				"$(DERIVED_FILE_DIR)/Pods-Bhumesh_Purohit_Test-checkManifestLockResult.txt",
			);
			runOnlyForDeploymentPostprocessing = 0;
			shellPath = /bin/sh;
			shellScript = "diff \"${PODS_PODFILE_DIR_PATH}/Podfile.lock\" \"${PODS_ROOT}/Manifest.lock\" > /dev/null\nif [ $? != 0 ] ; then\n    # print error to STDERR\n    echo \"error: The sandbox is not in sync with the Podfile.lock. Run 'pod install' or update your CocoaPods installation.\" >&2\n    exit 1\nfi\n# This output is used by Xcode 'outputs' to avoid re-running this script phase.\necho \"SUCCESS\" > \"${SCRIPT_OUTPUT_FILE_0}\"\n";
			showEnvVarsInLog = 0;
		};
		9E7FF14E1FB8CBA0FA4E1984 /* [CP] Embed Pods Frameworks */ = {
			isa = PBXShellScriptBuildPhase;
			buildActionMask = 2147483647;
			files = (
			);
			inputFileListPaths = (
				"${PODS_ROOT}/Target Support Files/Pods-Bhumesh_Purohit_Test/Pods-Bhumesh_Purohit_Test-frameworks-${CONFIGURATION}-input-files.xcfilelist",
			);
			name = "[CP] Embed Pods Frameworks";
			outputFileListPaths = (
				"${PODS_ROOT}/Target Support Files/Pods-Bhumesh_Purohit_Test/Pods-Bhumesh_Purohit_Test-frameworks-${CONFIGURATION}-output-files.xcfilelist",
			);
			runOnlyForDeploymentPostprocessing = 0;
			shellPath = /bin/sh;
			shellScript = "\"${PODS_ROOT}/Target Support Files/Pods-Bhumesh_Purohit_Test/Pods-Bhumesh_Purohit_Test-frameworks.sh\"\n";
			showEnvVarsInLog = 0;
		};
/* End PBXShellScriptBuildPhase section */

/* Begin PBXSourcesBuildPhase section */
		18E6A89D255A98AD0085D270 /* Sources */ = {
			isa = PBXSourcesBuildPhase;
			buildActionMask = 2147483647;
			files = (
				18E6A8F2255A994B0085D270 /* AppDelegate.swift in Sources */,
				18DDC2942566DD3100B3A6BB /* CountryViewModal.swift in Sources */,
				18E6A8ED255A994B0085D270 /* ConfigurationManager.swift in Sources */,
				18E6A8F1255A994B0085D270 /* AppDelegate+Reachability.swift in Sources */,
				18E6A8F6255A9AFE0085D270 /* AboutCountryData.swift in Sources */,
				18E6A8E8255A994B0085D270 /* Constants.swift in Sources */,
				18E6A8F4255A994B0085D270 /* SceneDelegate.swift in Sources */,
				18E6A8E9255A994B0085D270 /* DataManager.swift in Sources */,
				18E6A8F0255A994B0085D270 /* AboutCountry.swift in Sources */,
				18E6A8EA255A994B0085D270 /* RequestManger.swift in Sources */,
				18E6A8F3255A994B0085D270 /* AboutCountry+Webservices.swift in Sources */,
			);
			runOnlyForDeploymentPostprocessing = 0;
		};
		18E6A8B3255A98AF0085D270 /* Sources */ = {
			isa = PBXSourcesBuildPhase;
			buildActionMask = 2147483647;
			files = (
				18E6A8BC255A98AF0085D270 /* Bhumesh_Purohit_TestTests.swift in Sources */,
			);
			runOnlyForDeploymentPostprocessing = 0;
		};
		18E6A8BE255A98AF0085D270 /* Sources */ = {
			isa = PBXSourcesBuildPhase;
			buildActionMask = 2147483647;
			files = (
				18E6A8C7255A98AF0085D270 /* Bhumesh_Purohit_TestUITests.swift in Sources */,
			);
			runOnlyForDeploymentPostprocessing = 0;
		};
/* End PBXSourcesBuildPhase section */

/* Begin PBXTargetDependency section */
		18E6A8B9255A98AF0085D270 /* PBXTargetDependency */ = {
			isa = PBXTargetDependency;
			target = 18E6A8A0255A98AD0085D270 /* Bhumesh_Purohit_Test */;
			targetProxy = 18E6A8B8255A98AF0085D270 /* PBXContainerItemProxy */;
		};
		18E6A8C4255A98AF0085D270 /* PBXTargetDependency */ = {
			isa = PBXTargetDependency;
			target = 18E6A8A0255A98AD0085D270 /* Bhumesh_Purohit_Test */;
			targetProxy = 18E6A8C3255A98AF0085D270 /* PBXContainerItemProxy */;
		};
/* End PBXTargetDependency section */

/* Begin PBXVariantGroup section */
		18E6A8AF255A98AF0085D270 /* LaunchScreen.storyboard */ = {
			isa = PBXVariantGroup;
			children = (
				18E6A8B0255A98AF0085D270 /* Base */,
			);
			name = LaunchScreen.storyboard;
			sourceTree = "<group>";
		};
/* End PBXVariantGroup section */

/* Begin XCBuildConfiguration section */
		18E6A8C9255A98AF0085D270 /* Debug */ = {
			isa = XCBuildConfiguration;
			buildSettings = {
				ALWAYS_SEARCH_USER_PATHS = NO;
				CLANG_ANALYZER_NONNULL = YES;
				CLANG_ANALYZER_NUMBER_OBJECT_CONVERSION = YES_AGGRESSIVE;
				CLANG_CXX_LANGUAGE_STANDARD = "gnu++14";
				CLANG_CXX_LIBRARY = "libc++";
				CLANG_ENABLE_MODULES = YES;
				CLANG_ENABLE_OBJC_ARC = YES;
				CLANG_ENABLE_OBJC_WEAK = YES;
				CLANG_WARN_BLOCK_CAPTURE_AUTORELEASING = YES;
				CLANG_WARN_BOOL_CONVERSION = YES;
				CLANG_WARN_COMMA = YES;
				CLANG_WARN_CONSTANT_CONVERSION = YES;
				CLANG_WARN_DEPRECATED_OBJC_IMPLEMENTATIONS = YES;
				CLANG_WARN_DIRECT_OBJC_ISA_USAGE = YES_ERROR;
				CLANG_WARN_DOCUMENTATION_COMMENTS = YES;
				CLANG_WARN_EMPTY_BODY = YES;
				CLANG_WARN_ENUM_CONVERSION = YES;
				CLANG_WARN_INFINITE_RECURSION = YES;
				CLANG_WARN_INT_CONVERSION = YES;
				CLANG_WARN_NON_LITERAL_NULL_CONVERSION = YES;
				CLANG_WARN_OBJC_IMPLICIT_RETAIN_SELF = YES;
				CLANG_WARN_OBJC_LITERAL_CONVERSION = YES;
				CLANG_WARN_OBJC_ROOT_CLASS = YES_ERROR;
				CLANG_WARN_RANGE_LOOP_ANALYSIS = YES;
				CLANG_WARN_STRICT_PROTOTYPES = YES;
				CLANG_WARN_SUSPICIOUS_MOVE = YES;
				CLANG_WARN_UNGUARDED_AVAILABILITY = YES_AGGRESSIVE;
				CLANG_WARN_UNREACHABLE_CODE = YES;
				CLANG_WARN__DUPLICATE_METHOD_MATCH = YES;
				COPY_PHASE_STRIP = NO;
				DEBUG_INFORMATION_FORMAT = dwarf;
				ENABLE_STRICT_OBJC_MSGSEND = YES;
				ENABLE_TESTABILITY = YES;
				GCC_C_LANGUAGE_STANDARD = gnu11;
				GCC_DYNAMIC_NO_PIC = NO;
				GCC_NO_COMMON_BLOCKS = YES;
				GCC_OPTIMIZATION_LEVEL = 0;
				GCC_PREPROCESSOR_DEFINITIONS = (
					"DEBUG=1",
					"$(inherited)",
				);
				GCC_WARN_64_TO_32_BIT_CONVERSION = YES;
				GCC_WARN_ABOUT_RETURN_TYPE = YES_ERROR;
				GCC_WARN_UNDECLARED_SELECTOR = YES;
				GCC_WARN_UNINITIALIZED_AUTOS = YES_AGGRESSIVE;
				GCC_WARN_UNUSED_FUNCTION = YES;
				GCC_WARN_UNUSED_VARIABLE = YES;
				IPHONEOS_DEPLOYMENT_TARGET = 13.2;
				MTL_ENABLE_DEBUG_INFO = INCLUDE_SOURCE;
				MTL_FAST_MATH = YES;
				ONLY_ACTIVE_ARCH = YES;
				SDKROOT = iphoneos;
				SWIFT_ACTIVE_COMPILATION_CONDITIONS = DEBUG;
				SWIFT_OPTIMIZATION_LEVEL = "-Onone";
			};
			name = Debug;
		};
		18E6A8CA255A98AF0085D270 /* Release */ = {
			isa = XCBuildConfiguration;
			buildSettings = {
				ALWAYS_SEARCH_USER_PATHS = NO;
				CLANG_ANALYZER_NONNULL = YES;
				CLANG_ANALYZER_NUMBER_OBJECT_CONVERSION = YES_AGGRESSIVE;
				CLANG_CXX_LANGUAGE_STANDARD = "gnu++14";
				CLANG_CXX_LIBRARY = "libc++";
				CLANG_ENABLE_MODULES = YES;
				CLANG_ENABLE_OBJC_ARC = YES;
				CLANG_ENABLE_OBJC_WEAK = YES;
				CLANG_WARN_BLOCK_CAPTURE_AUTORELEASING = YES;
				CLANG_WARN_BOOL_CONVERSION = YES;
				CLANG_WARN_COMMA = YES;
				CLANG_WARN_CONSTANT_CONVERSION = YES;
				CLANG_WARN_DEPRECATED_OBJC_IMPLEMENTATIONS = YES;
				CLANG_WARN_DIRECT_OBJC_ISA_USAGE = YES_ERROR;
				CLANG_WARN_DOCUMENTATION_COMMENTS = YES;
				CLANG_WARN_EMPTY_BODY = YES;
				CLANG_WARN_ENUM_CONVERSION = YES;
				CLANG_WARN_INFINITE_RECURSION = YES;
				CLANG_WARN_INT_CONVERSION = YES;
				CLANG_WARN_NON_LITERAL_NULL_CONVERSION = YES;
				CLANG_WARN_OBJC_IMPLICIT_RETAIN_SELF = YES;
				CLANG_WARN_OBJC_LITERAL_CONVERSION = YES;
				CLANG_WARN_OBJC_ROOT_CLASS = YES_ERROR;
				CLANG_WARN_RANGE_LOOP_ANALYSIS = YES;
				CLANG_WARN_STRICT_PROTOTYPES = YES;
				CLANG_WARN_SUSPICIOUS_MOVE = YES;
				CLANG_WARN_UNGUARDED_AVAILABILITY = YES_AGGRESSIVE;
				CLANG_WARN_UNREACHABLE_CODE = YES;
				CLANG_WARN__DUPLICATE_METHOD_MATCH = YES;
				COPY_PHASE_STRIP = NO;
				DEBUG_INFORMATION_FORMAT = "dwarf-with-dsym";
				ENABLE_NS_ASSERTIONS = NO;
				ENABLE_STRICT_OBJC_MSGSEND = YES;
				GCC_C_LANGUAGE_STANDARD = gnu11;
				GCC_NO_COMMON_BLOCKS = YES;
				GCC_WARN_64_TO_32_BIT_CONVERSION = YES;
				GCC_WARN_ABOUT_RETURN_TYPE = YES_ERROR;
				GCC_WARN_UNDECLARED_SELECTOR = YES;
				GCC_WARN_UNINITIALIZED_AUTOS = YES_AGGRESSIVE;
				GCC_WARN_UNUSED_FUNCTION = YES;
				GCC_WARN_UNUSED_VARIABLE = YES;
				IPHONEOS_DEPLOYMENT_TARGET = 13.2;
				MTL_ENABLE_DEBUG_INFO = NO;
				MTL_FAST_MATH = YES;
				SDKROOT = iphoneos;
				SWIFT_COMPILATION_MODE = wholemodule;
				SWIFT_OPTIMIZATION_LEVEL = "-O";
				VALIDATE_PRODUCT = YES;
			};
			name = Release;
		};
		18E6A8CC255A98AF0085D270 /* Debug */ = {
			isa = XCBuildConfiguration;
			baseConfigurationReference = 96F4395298BF8BF6D96DC2E7 /* Pods-Bhumesh_Purohit_Test.debug.xcconfig */;
			buildSettings = {
				ASSETCATALOG_COMPILER_APPICON_NAME = AppIcon;
				CODE_SIGN_IDENTITY = "Apple Development";
				CODE_SIGN_STYLE = Manual;
				DEVELOPMENT_TEAM = "";
				INFOPLIST_FILE = Bhumesh_Purohit_Test/Info.plist;
				LD_RUNPATH_SEARCH_PATHS = (
					"$(inherited)",
					"@executable_path/Frameworks",
				);
				PRODUCT_BUNDLE_IDENTIFIER = "com.Bhumesh.Bhumesh-Purohit-Test";
				PRODUCT_NAME = "$(TARGET_NAME)";
				PROVISIONING_PROFILE_SPECIFIER = "";
				SWIFT_VERSION = 5.0;
				TARGETED_DEVICE_FAMILY = "1,2";
			};
			name = Debug;
		};
		18E6A8CD255A98AF0085D270 /* Release */ = {
			isa = XCBuildConfiguration;
			baseConfigurationReference = EE536FD5B6C85D72B1ACB196 /* Pods-Bhumesh_Purohit_Test.release.xcconfig */;
			buildSettings = {
				ASSETCATALOG_COMPILER_APPICON_NAME = AppIcon;
				CODE_SIGN_IDENTITY = "Apple Development";
				CODE_SIGN_STYLE = Manual;
				DEVELOPMENT_TEAM = "";
				INFOPLIST_FILE = Bhumesh_Purohit_Test/Info.plist;
				LD_RUNPATH_SEARCH_PATHS = (
					"$(inherited)",
					"@executable_path/Frameworks",
				);
				PRODUCT_BUNDLE_IDENTIFIER = "com.Bhumesh.Bhumesh-Purohit-Test";
				PRODUCT_NAME = "$(TARGET_NAME)";
				PROVISIONING_PROFILE_SPECIFIER = "";
				SWIFT_VERSION = 5.0;
				TARGETED_DEVICE_FAMILY = "1,2";
			};
			name = Release;
		};
		18E6A8CF255A98AF0085D270 /* Debug */ = {
			isa = XCBuildConfiguration;
			buildSettings = {
				ALWAYS_EMBED_SWIFT_STANDARD_LIBRARIES = YES;
				BUNDLE_LOADER = "$(TEST_HOST)";
				CODE_SIGN_STYLE = Automatic;
				DEVELOPMENT_TEAM = 4PMVD43P38;
				INFOPLIST_FILE = Bhumesh_Purohit_TestTests/Info.plist;
				IPHONEOS_DEPLOYMENT_TARGET = 13.2;
				LD_RUNPATH_SEARCH_PATHS = (
					"$(inherited)",
					"@executable_path/Frameworks",
					"@loader_path/Frameworks",
				);
				PRODUCT_BUNDLE_IDENTIFIER = "com.amnex.Bhumesh-Purohit-TestTests";
				PRODUCT_NAME = "$(TARGET_NAME)";
				SWIFT_VERSION = 5.0;
				TARGETED_DEVICE_FAMILY = "1,2";
				TEST_HOST = "$(BUILT_PRODUCTS_DIR)/Bhumesh_Purohit_Test.app/Bhumesh_Purohit_Test";
			};
			name = Debug;
		};
		18E6A8D0255A98AF0085D270 /* Release */ = {
			isa = XCBuildConfiguration;
			buildSettings = {
				ALWAYS_EMBED_SWIFT_STANDARD_LIBRARIES = YES;
				BUNDLE_LOADER = "$(TEST_HOST)";
				CODE_SIGN_STYLE = Automatic;
				DEVELOPMENT_TEAM = 4PMVD43P38;
				INFOPLIST_FILE = Bhumesh_Purohit_TestTests/Info.plist;
				IPHONEOS_DEPLOYMENT_TARGET = 13.2;
				LD_RUNPATH_SEARCH_PATHS = (
					"$(inherited)",
					"@executable_path/Frameworks",
					"@loader_path/Frameworks",
				);
				PRODUCT_BUNDLE_IDENTIFIER = "com.amnex.Bhumesh-Purohit-TestTests";
				PRODUCT_NAME = "$(TARGET_NAME)";
				SWIFT_VERSION = 5.0;
				TARGETED_DEVICE_FAMILY = "1,2";
				TEST_HOST = "$(BUILT_PRODUCTS_DIR)/Bhumesh_Purohit_Test.app/Bhumesh_Purohit_Test";
			};
			name = Release;
		};
		18E6A8D2255A98AF0085D270 /* Debug */ = {
			isa = XCBuildConfiguration;
			buildSettings = {
				ALWAYS_EMBED_SWIFT_STANDARD_LIBRARIES = YES;
				CODE_SIGN_STYLE = Automatic;
				DEVELOPMENT_TEAM = 4PMVD43P38;
				INFOPLIST_FILE = Bhumesh_Purohit_TestUITests/Info.plist;
				LD_RUNPATH_SEARCH_PATHS = (
					"$(inherited)",
					"@executable_path/Frameworks",
					"@loader_path/Frameworks",
				);
				PRODUCT_BUNDLE_IDENTIFIER = "com.amnex.Bhumesh-Purohit-TestUITests";
				PRODUCT_NAME = "$(TARGET_NAME)";
				SWIFT_VERSION = 5.0;
				TARGETED_DEVICE_FAMILY = "1,2";
				TEST_TARGET_NAME = Bhumesh_Purohit_Test;
			};
			name = Debug;
		};
		18E6A8D3255A98AF0085D270 /* Release */ = {
			isa = XCBuildConfiguration;
			buildSettings = {
				ALWAYS_EMBED_SWIFT_STANDARD_LIBRARIES = YES;
				CODE_SIGN_STYLE = Automatic;
				DEVELOPMENT_TEAM = 4PMVD43P38;
				INFOPLIST_FILE = Bhumesh_Purohit_TestUITests/Info.plist;
				LD_RUNPATH_SEARCH_PATHS = (
					"$(inherited)",
					"@executable_path/Frameworks",
					"@loader_path/Frameworks",
				);
				PRODUCT_BUNDLE_IDENTIFIER = "com.amnex.Bhumesh-Purohit-TestUITests";
				PRODUCT_NAME = "$(TARGET_NAME)";
				SWIFT_VERSION = 5.0;
				TARGETED_DEVICE_FAMILY = "1,2";
				TEST_TARGET_NAME = Bhumesh_Purohit_Test;
			};
			name = Release;
		};
/* End XCBuildConfiguration section */

/* Begin XCConfigurationList section */
		18E6A89C255A98AD0085D270 /* Build configuration list for PBXProject "Bhumesh_Purohit_Test" */ = {
			isa = XCConfigurationList;
			buildConfigurations = (
				18E6A8C9255A98AF0085D270 /* Debug */,
				18E6A8CA255A98AF0085D270 /* Release */,
			);
			defaultConfigurationIsVisible = 0;
			defaultConfigurationName = Release;
		};
		18E6A8CB255A98AF0085D270 /* Build configuration list for PBXNativeTarget "Bhumesh_Purohit_Test" */ = {
			isa = XCConfigurationList;
			buildConfigurations = (
				18E6A8CC255A98AF0085D270 /* Debug */,
				18E6A8CD255A98AF0085D270 /* Release */,
			);
			defaultConfigurationIsVisible = 0;
			defaultConfigurationName = Release;
		};
		18E6A8CE255A98AF0085D270 /* Build configuration list for PBXNativeTarget "Bhumesh_Purohit_TestTests" */ = {
			isa = XCConfigurationList;
			buildConfigurations = (
				18E6A8CF255A98AF0085D270 /* Debug */,
				18E6A8D0255A98AF0085D270 /* Release */,
			);
			defaultConfigurationIsVisible = 0;
			defaultConfigurationName = Release;
		};
		18E6A8D1255A98AF0085D270 /* Build configuration list for PBXNativeTarget "Bhumesh_Purohit_TestUITests" */ = {
			isa = XCConfigurationList;
			buildConfigurations = (
				18E6A8D2255A98AF0085D270 /* Debug */,
				18E6A8D3255A98AF0085D270 /* Release */,
			);
			defaultConfigurationIsVisible = 0;
			defaultConfigurationName = Release;
		};
/* End XCConfigurationList section */
	};
	rootObject = 18E6A899255A98AD0085D270 /* Project object */;
}
